
Microsoft Visual Studio Solution File, Format Version 12.00
# Visual Studio Version 16
VisualStudioVersion = 16.0.31729.503
MinimumVisualStudioVersion = 10.0.40219.1
Project("{FAE04EC0-301F-11D3-BF4B-00C04F79EFBC}") = "PAL", "PAL.csproj", "{8ABDF6F8-0AA2-43AE-A968-39A3FCB1CD45}"
EndProject
Project("{FAE04EC0-301F-11D3-BF4B-00C04F79EFBC}") = "BAL", "..\BLL\BAL.csproj", "{678A1896-77B8-4655-B145-9D0C18E80E0E}"
EndProject
Project("{FAE04EC0-301F-11D3-BF4B-00C04F79EFBC}") = "DAL", "..\DAL\DAL.csproj", "{88BF6CC3-618B-4627-A1DF-2652E51CE743}"
EndProject
Global
	GlobalSection(SolutionConfigurationPlatforms) = preSolution
		Debug|Any CPU = Debug|Any CPU
		Release|Any CPU = Release|Any CPU
	EndGlobalSection
	GlobalSection(ProjectConfigurationPlatforms) = postSolution
		{8ABDF6F8-0AA2-43AE-A968-39A3FCB1CD45}.Debug|Any CPU.ActiveCfg = Debug|Any CPU
		{8ABDF6F8-0AA2-43AE-A968-39A3FCB1CD45}.Debug|Any CPU.Build.0 = Debug|Any CPU
		{8ABDF6F8-0AA2-43AE-A968-39A3FCB1CD45}.Release|Any CPU.ActiveCfg = Release|Any CPU
		{8ABDF6F8-0AA2-43AE-A968-39A3FCB1CD45}.Release|Any CPU.Build.0 = Release|Any CPU
		{678A1896-77B8-4655-B145-9D0C18E80E0E}.Debug|Any CPU.ActiveCfg = Debug|Any CPU
		{678A1896-77B8-4655-B145-9D0C18E80E0E}.Debug|Any CPU.Build.0 = Debug|Any CPU
		{678A1896-77B8-4655-B145-9D0C18E80E0E}.Release|Any CPU.ActiveCfg = Release|Any CPU
		{678A1896-77B8-4655-B145-9D0C18E80E0E}.Release|Any CPU.Build.0 = Release|Any CPU
		{88BF6CC3-618B-4627-A1DF-2652E51CE743}.Debug|Any CPU.ActiveCfg = Debug|Any CPU
		{88BF6CC3-618B-4627-A1DF-2652E51CE743}.Debug|Any CPU.Build.0 = Debug|Any CPU
		{88BF6CC3-618B-4627-A1DF-2652E51CE743}.Release|Any CPU.ActiveCfg = Release|Any CPU
		{88BF6CC3-618B-4627-A1DF-2652E51CE743}.Release|Any CPU.Build.0 = Release|Any CPU
	EndGlobalSection
	GlobalSection(SolutionProperties) = preSolution
		HideSolutionNode = FALSE
	EndGlobalSection
	GlobalSection(ExtensibilityGlobals) = postSolution
		SolutionGuid = {8EF3F237-35DC-4EFB-BB7D-C9B50B175464}
	EndGlobalSection
EndGlobal
